
Microsoft Visual Studio Solution File, Format Version 12.00
# Visual Studio 15
VisualStudioVersion = 15.0.26730.16
MinimumVisualStudioVersion = 10.0.40219.1
Project("{FAE04EC0-301F-11D3-BF4B-00C04F79EFBC}") = "DroneLander.Android", "DroneLander\DroneLander.Android\DroneLander.Android.csproj", "{00DBEDAA-620E-41AE-8D00-2F0C73208264}"
EndProject
Project("{FAE04EC0-301F-11D3-BF4B-00C04F79EFBC}") = "DroneLander", "DroneLander\DroneLander\DroneLander.csproj", "{DD1C3B89-66B0-4CF1-9F8C-E011E9062B1F}"
EndProject
Project("{FAE04EC0-301F-11D3-BF4B-00C04F79EFBC}") = "DroneLander.UWP", "DroneLander\DroneLander.UWP\DroneLander.UWP.csproj", "{E6BFBA02-5456-473B-A5AA-68918A04A138}"
EndProject
Project("{FAE04EC0-301F-11D3-BF4B-00C04F79EFBC}") = "DroneLander.iOS", "DroneLander\DroneLander.iOS\DroneLander.iOS.csproj", "{BC1CC736-D09C-4937-889A-44F47359C9AF}"
EndProject
Global
	GlobalSection(SolutionConfigurationPlatforms) = preSolution
		Ad-Hoc|Any CPU = Ad-Hoc|Any CPU
		Ad-Hoc|ARM = Ad-Hoc|ARM
		Ad-Hoc|iPhone = Ad-Hoc|iPhone
		Ad-Hoc|iPhoneSimulator = Ad-Hoc|iPhoneSimulator
		Ad-Hoc|x64 = Ad-Hoc|x64
		Ad-Hoc|x86 = Ad-Hoc|x86
		AppStore|Any CPU = AppStore|Any CPU
		AppStore|ARM = AppStore|ARM
		AppStore|iPhone = AppStore|iPhone
		AppStore|iPhoneSimulator = AppStore|iPhoneSimulator
		AppStore|x64 = AppStore|x64
		AppStore|x86 = AppStore|x86
		Debug|Any CPU = Debug|Any CPU
		Debug|ARM = Debug|ARM
		Debug|iPhone = Debug|iPhone
		Debug|iPhoneSimulator = Debug|iPhoneSimulator
		Debug|x64 = Debug|x64
		Debug|x86 = Debug|x86
		Release|Any CPU = Release|Any CPU
		Release|ARM = Release|ARM
		Release|iPhone = Release|iPhone
		Release|iPhoneSimulator = Release|iPhoneSimulator
		Release|x64 = Release|x64
		Release|x86 = Release|x86
	EndGlobalSection
	GlobalSection(ProjectConfigurationPlatforms) = postSolution
		{00DBEDAA-620E-41AE-8D00-2F0C73208264}.Ad-Hoc|Any CPU.ActiveCfg = Release|Any CPU
		{00DBEDAA-620E-41AE-8D00-2F0C73208264}.Ad-Hoc|Any CPU.Build.0 = Release|Any CPU
		{00DBEDAA-620E-41AE-8D00-2F0C73208264}.Ad-Hoc|Any CPU.Deploy.0 = Release|Any CPU
		{00DBEDAA-620E-41AE-8D00-2F0C73208264}.Ad-Hoc|ARM.ActiveCfg = Release|Any CPU
		{00DBEDAA-620E-41AE-8D00-2F0C73208264}.Ad-Hoc|ARM.Build.0 = Release|Any CPU
		{00DBEDAA-620E-41AE-8D00-2F0C73208264}.Ad-Hoc|ARM.Deploy.0 = Release|Any CPU
		{00DBEDAA-620E-41AE-8D00-2F0C73208264}.Ad-Hoc|iPhone.ActiveCfg = Release|Any CPU
		{00DBEDAA-620E-41AE-8D00-2F0C73208264}.Ad-Hoc|iPhone.Build.0 = Release|Any CPU
		{00DBEDAA-620E-41AE-8D00-2F0C73208264}.Ad-Hoc|iPhone.Deploy.0 = Release|Any CPU
		{00DBEDAA-620E-41AE-8D00-2F0C73208264}.Ad-Hoc|iPhoneSimulator.ActiveCfg = Release|Any CPU
		{00DBEDAA-620E-41AE-8D00-2F0C73208264}.Ad-Hoc|iPhoneSimulator.Build.0 = Release|Any CPU
		{00DBEDAA-620E-41AE-8D00-2F0C73208264}.Ad-Hoc|iPhoneSimulator.Deploy.0 = Release|Any CPU
		{00DBEDAA-620E-41AE-8D00-2F0C73208264}.Ad-Hoc|x64.ActiveCfg = Release|Any CPU
		{00DBEDAA-620E-41AE-8D00-2F0C73208264}.Ad-Hoc|x64.Build.0 = Release|Any CPU
		{00DBEDAA-620E-41AE-8D00-2F0C73208264}.Ad-Hoc|x64.Deploy.0 = Release|Any CPU
		{00DBEDAA-620E-41AE-8D00-2F0C73208264}.Ad-Hoc|x86.ActiveCfg = Release|Any CPU
		{00DBEDAA-620E-41AE-8D00-2F0C73208264}.Ad-Hoc|x86.Build.0 = Release|Any CPU
		{00DBEDAA-620E-41AE-8D00-2F0C73208264}.Ad-Hoc|x86.Deploy.0 = Release|Any CPU
		{00DBEDAA-620E-41AE-8D00-2F0C73208264}.AppStore|Any CPU.ActiveCfg = Release|Any CPU
		{00DBEDAA-620E-41AE-8D00-2F0C73208264}.AppStore|Any CPU.Build.0 = Release|Any CPU
		{00DBEDAA-620E-41AE-8D00-2F0C73208264}.AppStore|Any CPU.Deploy.0 = Release|Any CPU
		{00DBEDAA-620E-41AE-8D00-2F0C73208264}.AppStore|ARM.ActiveCfg = Release|Any CPU
		{00DBEDAA-620E-41AE-8D00-2F0C73208264}.AppStore|ARM.Build.0 = Release|Any CPU
		{00DBEDAA-620E-41AE-8D00-2F0C73208264}.AppStore|ARM.Deploy.0 = Release|Any CPU
		{00DBEDAA-620E-41AE-8D00-2F0C73208264}.AppStore|iPhone.ActiveCfg = Release|Any CPU
		{00DBEDAA-620E-41AE-8D00-2F0C73208264}.AppStore|iPhone.Build.0 = Release|Any CPU
		{00DBEDAA-620E-41AE-8D00-2F0C73208264}.AppStore|iPhone.Deploy.0 = Release|Any CPU
		{00DBEDAA-620E-41AE-8D00-2F0C73208264}.AppStore|iPhoneSimulator.ActiveCfg = Release|Any CPU
		{00DBEDAA-620E-41AE-8D00-2F0C73208264}.AppStore|iPhoneSimulator.Build.0 = Release|Any CPU
		{00DBEDAA-620E-41AE-8D00-2F0C73208264}.AppStore|iPhoneSimulator.Deploy.0 = Release|Any CPU
		{00DBEDAA-620E-41AE-8D00-2F0C73208264}.AppStore|x64.ActiveCfg = Release|Any CPU
		{00DBEDAA-620E-41AE-8D00-2F0C73208264}.AppStore|x64.Build.0 = Release|Any CPU
		{00DBEDAA-620E-41AE-8D00-2F0C73208264}.AppStore|x64.Deploy.0 = Release|Any CPU
		{00DBEDAA-620E-41AE-8D00-2F0C73208264}.AppStore|x86.ActiveCfg = Release|Any CPU
		{00DBEDAA-620E-41AE-8D00-2F0C73208264}.AppStore|x86.Build.0 = Release|Any CPU
		{00DBEDAA-620E-41AE-8D00-2F0C73208264}.AppStore|x86.Deploy.0 = Release|Any CPU
		{00DBEDAA-620E-41AE-8D00-2F0C73208264}.Debug|Any CPU.ActiveCfg = Debug|Any CPU
		{00DBEDAA-620E-41AE-8D00-2F0C73208264}.Debug|Any CPU.Build.0 = Debug|Any CPU
		{00DBEDAA-620E-41AE-8D00-2F0C73208264}.Debug|Any CPU.Deploy.0 = Debug|Any CPU
		{00DBEDAA-620E-41AE-8D00-2F0C73208264}.Debug|ARM.ActiveCfg = Debug|Any CPU
		{00DBEDAA-620E-41AE-8D00-2F0C73208264}.Debug|ARM.Build.0 = Debug|Any CPU
		{00DBEDAA-620E-41AE-8D00-2F0C73208264}.Debug|ARM.Deploy.0 = Debug|Any CPU
		{00DBEDAA-620E-41AE-8D00-2F0C73208264}.Debug|iPhone.ActiveCfg = Debug|Any CPU
		{00DBEDAA-620E-41AE-8D00-2F0C73208264}.Debug|iPhone.Build.0 = Debug|Any CPU
		{00DBEDAA-620E-41AE-8D00-2F0C73208264}.Debug|iPhone.Deploy.0 = Debug|Any CPU
		{00DBEDAA-620E-41AE-8D00-2F0C73208264}.Debug|iPhoneSimulator.ActiveCfg = Debug|Any CPU
		{00DBEDAA-620E-41AE-8D00-2F0C73208264}.Debug|iPhoneSimulator.Build.0 = Debug|Any CPU
		{00DBEDAA-620E-41AE-8D00-2F0C73208264}.Debug|iPhoneSimulator.Deploy.0 = Debug|Any CPU
		{00DBEDAA-620E-41AE-8D00-2F0C73208264}.Debug|x64.ActiveCfg = Debug|Any CPU
		{00DBEDAA-620E-41AE-8D00-2F0C73208264}.Debug|x64.Build.0 = Debug|Any CPU
		{00DBEDAA-620E-41AE-8D00-2F0C73208264}.Debug|x64.Deploy.0 = Debug|Any CPU
		{00DBEDAA-620E-41AE-8D00-2F0C73208264}.Debug|x86.ActiveCfg = Debug|Any CPU
		{00DBEDAA-620E-41AE-8D00-2F0C73208264}.Debug|x86.Build.0 = Debug|Any CPU
		{00DBEDAA-620E-41AE-8D00-2F0C73208264}.Debug|x86.Deploy.0 = Debug|Any CPU
		{00DBEDAA-620E-41AE-8D00-2F0C73208264}.Release|Any CPU.ActiveCfg = Release|Any CPU
		{00DBEDAA-620E-41AE-8D00-2F0C73208264}.Release|Any CPU.Build.0 = Release|Any CPU
		{00DBEDAA-620E-41AE-8D00-2F0C73208264}.Release|Any CPU.Deploy.0 = Release|Any CPU
		{00DBEDAA-620E-41AE-8D00-2F0C73208264}.Release|ARM.ActiveCfg = Release|Any CPU
		{00DBEDAA-620E-41AE-8D00-2F0C73208264}.Release|ARM.Build.0 = Release|Any CPU
		{00DBEDAA-620E-41AE-8D00-2F0C73208264}.Release|ARM.Deploy.0 = Release|Any CPU
		{00DBEDAA-620E-41AE-8D00-2F0C73208264}.Release|iPhone.ActiveCfg = Release|Any CPU
		{00DBEDAA-620E-41AE-8D00-2F0C73208264}.Release|iPhone.Build.0 = Release|Any CPU
		{00DBEDAA-620E-41AE-8D00-2F0C73208264}.Release|iPhone.Deploy.0 = Release|Any CPU
		{00DBEDAA-620E-41AE-8D00-2F0C73208264}.Release|iPhoneSimulator.ActiveCfg = Release|Any CPU
		{00DBEDAA-620E-41AE-8D00-2F0C73208264}.Release|iPhoneSimulator.Build.0 = Release|Any CPU
		{00DBEDAA-620E-41AE-8D00-2F0C73208264}.Release|iPhoneSimulator.Deploy.0 = Release|Any CPU
		{00DBEDAA-620E-41AE-8D00-2F0C73208264}.Release|x64.ActiveCfg = Release|Any CPU
		{00DBEDAA-620E-41AE-8D00-2F0C73208264}.Release|x64.Build.0 = Release|Any CPU
		{00DBEDAA-620E-41AE-8D00-2F0C73208264}.Release|x64.Deploy.0 = Release|Any CPU
		{00DBEDAA-620E-41AE-8D00-2F0C73208264}.Release|x86.ActiveCfg = Release|Any CPU
		{00DBEDAA-620E-41AE-8D00-2F0C73208264}.Release|x86.Build.0 = Release|Any CPU
		{00DBEDAA-620E-41AE-8D00-2F0C73208264}.Release|x86.Deploy.0 = Release|Any CPU
		{DD1C3B89-66B0-4CF1-9F8C-E011E9062B1F}.Ad-Hoc|Any CPU.ActiveCfg = Release|Any CPU
		{DD1C3B89-66B0-4CF1-9F8C-E011E9062B1F}.Ad-Hoc|Any CPU.Build.0 = Release|Any CPU
		{DD1C3B89-66B0-4CF1-9F8C-E011E9062B1F}.Ad-Hoc|ARM.ActiveCfg = Release|Any CPU
		{DD1C3B89-66B0-4CF1-9F8C-E011E9062B1F}.Ad-Hoc|ARM.Build.0 = Release|Any CPU
		{DD1C3B89-66B0-4CF1-9F8C-E011E9062B1F}.Ad-Hoc|iPhone.ActiveCfg = Release|Any CPU
		{DD1C3B89-66B0-4CF1-9F8C-E011E9062B1F}.Ad-Hoc|iPhone.Build.0 = Release|Any CPU
		{DD1C3B89-66B0-4CF1-9F8C-E011E9062B1F}.Ad-Hoc|iPhoneSimulator.ActiveCfg = Release|Any CPU
		{DD1C3B89-66B0-4CF1-9F8C-E011E9062B1F}.Ad-Hoc|iPhoneSimulator.Build.0 = Release|Any CPU
		{DD1C3B89-66B0-4CF1-9F8C-E011E9062B1F}.Ad-Hoc|x64.ActiveCfg = Release|Any CPU
		{DD1C3B89-66B0-4CF1-9F8C-E011E9062B1F}.Ad-Hoc|x64.Build.0 = Release|Any CPU
		{DD1C3B89-66B0-4CF1-9F8C-E011E9062B1F}.Ad-Hoc|x86.ActiveCfg = Release|Any CPU
		{DD1C3B89-66B0-4CF1-9F8C-E011E9062B1F}.Ad-Hoc|x86.Build.0 = Release|Any CPU
		{DD1C3B89-66B0-4CF1-9F8C-E011E9062B1F}.AppStore|Any CPU.ActiveCfg = Release|Any CPU
		{DD1C3B89-66B0-4CF1-9F8C-E011E9062B1F}.AppStore|Any CPU.Build.0 = Release|Any CPU
		{DD1C3B89-66B0-4CF1-9F8C-E011E9062B1F}.AppStore|ARM.ActiveCfg = Release|Any CPU
		{DD1C3B89-66B0-4CF1-9F8C-E011E9062B1F}.AppStore|ARM.Build.0 = Release|Any CPU
		{DD1C3B89-66B0-4CF1-9F8C-E011E9062B1F}.AppStore|iPhone.ActiveCfg = Release|Any CPU
		{DD1C3B89-66B0-4CF1-9F8C-E011E9062B1F}.AppStore|iPhone.Build.0 = Release|Any CPU
		{DD1C3B89-66B0-4CF1-9F8C-E011E9062B1F}.AppStore|iPhoneSimulator.ActiveCfg = Release|Any CPU
		{DD1C3B89-66B0-4CF1-9F8C-E011E9062B1F}.AppStore|iPhoneSimulator.Build.0 = Release|Any CPU
		{DD1C3B89-66B0-4CF1-9F8C-E011E9062B1F}.AppStore|x64.ActiveCfg = Release|Any CPU
		{DD1C3B89-66B0-4CF1-9F8C-E011E9062B1F}.AppStore|x64.Build.0 = Release|Any CPU
		{DD1C3B89-66B0-4CF1-9F8C-E011E9062B1F}.AppStore|x86.ActiveCfg = Release|Any CPU
		{DD1C3B89-66B0-4CF1-9F8C-E011E9062B1F}.AppStore|x86.Build.0 = Release|Any CPU
		{DD1C3B89-66B0-4CF1-9F8C-E011E9062B1F}.Debug|Any CPU.ActiveCfg = Debug|Any CPU
		{DD1C3B89-66B0-4CF1-9F8C-E011E9062B1F}.Debug|Any CPU.Build.0 = Debug|Any CPU
		{DD1C3B89-66B0-4CF1-9F8C-E011E9062B1F}.Debug|ARM.ActiveCfg = Debug|Any CPU
		{DD1C3B89-66B0-4CF1-9F8C-E011E9062B1F}.Debug|ARM.Build.0 = Debug|Any CPU
		{DD1C3B89-66B0-4CF1-9F8C-E011E9062B1F}.Debug|iPhone.ActiveCfg = Debug|Any CPU
		{DD1C3B89-66B0-4CF1-9F8C-E011E9062B1F}.Debug|iPhone.Build.0 = Debug|Any CPU
		{DD1C3B89-66B0-4CF1-9F8C-E011E9062B1F}.Debug|iPhoneSimulator.ActiveCfg = Debug|Any CPU
		{DD1C3B89-66B0-4CF1-9F8C-E011E9062B1F}.Debug|iPhoneSimulator.Build.0 = Debug|Any CPU
		{DD1C3B89-66B0-4CF1-9F8C-E011E9062B1F}.Debug|x64.ActiveCfg = Debug|Any CPU
		{DD1C3B89-66B0-4CF1-9F8C-E011E9062B1F}.Debug|x64.Build.0 = Debug|Any CPU
		{DD1C3B89-66B0-4CF1-9F8C-E011E9062B1F}.Debug|x86.ActiveCfg = Debug|Any CPU
		{DD1C3B89-66B0-4CF1-9F8C-E011E9062B1F}.Debug|x86.Build.0 = Debug|Any CPU
		{DD1C3B89-66B0-4CF1-9F8C-E011E9062B1F}.Release|Any CPU.ActiveCfg = Release|Any CPU
		{DD1C3B89-66B0-4CF1-9F8C-E011E9062B1F}.Release|Any CPU.Build.0 = Release|Any CPU
		{DD1C3B89-66B0-4CF1-9F8C-E011E9062B1F}.Release|ARM.ActiveCfg = Release|Any CPU
		{DD1C3B89-66B0-4CF1-9F8C-E011E9062B1F}.Release|ARM.Build.0 = Release|Any CPU
		{DD1C3B89-66B0-4CF1-9F8C-E011E9062B1F}.Release|iPhone.ActiveCfg = Release|Any CPU
		{DD1C3B89-66B0-4CF1-9F8C-E011E9062B1F}.Release|iPhone.Build.0 = Release|Any CPU
		{DD1C3B89-66B0-4CF1-9F8C-E011E9062B1F}.Release|iPhoneSimulator.ActiveCfg = Release|Any CPU
		{DD1C3B89-66B0-4CF1-9F8C-E011E9062B1F}.Release|iPhoneSimulator.Build.0 = Release|Any CPU
		{DD1C3B89-66B0-4CF1-9F8C-E011E9062B1F}.Release|x64.ActiveCfg = Release|Any CPU
		{DD1C3B89-66B0-4CF1-9F8C-E011E9062B1F}.Release|x64.Build.0 = Release|Any CPU
		{DD1C3B89-66B0-4CF1-9F8C-E011E9062B1F}.Release|x86.ActiveCfg = Release|Any CPU
		{DD1C3B89-66B0-4CF1-9F8C-E011E9062B1F}.Release|x86.Build.0 = Release|Any CPU
		{E6BFBA02-5456-473B-A5AA-68918A04A138}.Ad-Hoc|Any CPU.ActiveCfg = Release|x86
		{E6BFBA02-5456-473B-A5AA-68918A04A138}.Ad-Hoc|Any CPU.Build.0 = Release|x86
		{E6BFBA02-5456-473B-A5AA-68918A04A138}.Ad-Hoc|Any CPU.Deploy.0 = Release|x86
		{E6BFBA02-5456-473B-A5AA-68918A04A138}.Ad-Hoc|ARM.ActiveCfg = Release|ARM
		{E6BFBA02-5456-473B-A5AA-68918A04A138}.Ad-Hoc|ARM.Build.0 = Release|ARM
		{E6BFBA02-5456-473B-A5AA-68918A04A138}.Ad-Hoc|ARM.Deploy.0 = Release|ARM
		{E6BFBA02-5456-473B-A5AA-68918A04A138}.Ad-Hoc|iPhone.ActiveCfg = Release|x86
		{E6BFBA02-5456-473B-A5AA-68918A04A138}.Ad-Hoc|iPhone.Build.0 = Release|x86
		{E6BFBA02-5456-473B-A5AA-68918A04A138}.Ad-Hoc|iPhone.Deploy.0 = Release|x86
		{E6BFBA02-5456-473B-A5AA-68918A04A138}.Ad-Hoc|iPhoneSimulator.ActiveCfg = Release|x86
		{E6BFBA02-5456-473B-A5AA-68918A04A138}.Ad-Hoc|iPhoneSimulator.Build.0 = Release|x86
		{E6BFBA02-5456-473B-A5AA-68918A04A138}.Ad-Hoc|iPhoneSimulator.Deploy.0 = Release|x86
		{E6BFBA02-5456-473B-A5AA-68918A04A138}.Ad-Hoc|x64.ActiveCfg = Release|x64
		{E6BFBA02-5456-473B-A5AA-68918A04A138}.Ad-Hoc|x64.Build.0 = Release|x64
		{E6BFBA02-5456-473B-A5AA-68918A04A138}.Ad-Hoc|x64.Deploy.0 = Release|x64
		{E6BFBA02-5456-473B-A5AA-68918A04A138}.Ad-Hoc|x86.ActiveCfg = Release|x86
		{E6BFBA02-5456-473B-A5AA-68918A04A138}.Ad-Hoc|x86.Build.0 = Release|x86
		{E6BFBA02-5456-473B-A5AA-68918A04A138}.Ad-Hoc|x86.Deploy.0 = Release|x86
		{E6BFBA02-5456-473B-A5AA-68918A04A138}.AppStore|Any CPU.ActiveCfg = Release|x86
		{E6BFBA02-5456-473B-A5AA-68918A04A138}.AppStore|Any CPU.Build.0 = Release|x86
		{E6BFBA02-5456-473B-A5AA-68918A04A138}.AppStore|Any CPU.Deploy.0 = Release|x86
		{E6BFBA02-5456-473B-A5AA-68918A04A138}.AppStore|ARM.ActiveCfg = Release|ARM
		{E6BFBA02-5456-473B-A5AA-68918A04A138}.AppStore|ARM.Build.0 = Release|ARM
		{E6BFBA02-5456-473B-A5AA-68918A04A138}.AppStore|ARM.Deploy.0 = Release|ARM
		{E6BFBA02-5456-473B-A5AA-68918A04A138}.AppStore|iPhone.ActiveCfg = Release|x86
		{E6BFBA02-5456-473B-A5AA-68918A04A138}.AppStore|iPhone.Build.0 = Release|x86
		{E6BFBA02-5456-473B-A5AA-68918A04A138}.AppStore|iPhone.Deploy.0 = Release|x86
		{E6BFBA02-5456-473B-A5AA-68918A04A138}.AppStore|iPhoneSimulator.ActiveCfg = Release|x86
		{E6BFBA02-5456-473B-A5AA-68918A04A138}.AppStore|iPhoneSimulator.Build.0 = Release|x86
		{E6BFBA02-5456-473B-A5AA-68918A04A138}.AppStore|iPhoneSimulator.Deploy.0 = Release|x86
		{E6BFBA02-5456-473B-A5AA-68918A04A138}.AppStore|x64.ActiveCfg = Release|x64
		{E6BFBA02-5456-473B-A5AA-68918A04A138}.AppStore|x64.Build.0 = Release|x64
		{E6BFBA02-5456-473B-A5AA-68918A04A138}.AppStore|x64.Deploy.0 = Release|x64
		{E6BFBA02-5456-473B-A5AA-68918A04A138}.AppStore|x86.ActiveCfg = Release|x86
		{E6BFBA02-5456-473B-A5AA-68918A04A138}.AppStore|x86.Build.0 = Release|x86
		{E6BFBA02-5456-473B-A5AA-68918A04A138}.AppStore|x86.Deploy.0 = Release|x86
		{E6BFBA02-5456-473B-A5AA-68918A04A138}.Debug|Any CPU.ActiveCfg = Debug|x86
		{E6BFBA02-5456-473B-A5AA-68918A04A138}.Debug|ARM.ActiveCfg = Debug|ARM
		{E6BFBA02-5456-473B-A5AA-68918A04A138}.Debug|ARM.Build.0 = Debug|ARM
		{E6BFBA02-5456-473B-A5AA-68918A04A138}.Debug|ARM.Deploy.0 = Debug|ARM
		{E6BFBA02-5456-473B-A5AA-68918A04A138}.Debug|iPhone.ActiveCfg = Debug|x86
		{E6BFBA02-5456-473B-A5AA-68918A04A138}.Debug|iPhoneSimulator.ActiveCfg = Debug|x86
		{E6BFBA02-5456-473B-A5AA-68918A04A138}.Debug|x64.ActiveCfg = Debug|x64
		{E6BFBA02-5456-473B-A5AA-68918A04A138}.Debug|x64.Build.0 = Debug|x64
		{E6BFBA02-5456-473B-A5AA-68918A04A138}.Debug|x64.Deploy.0 = Debug|x64
		{E6BFBA02-5456-473B-A5AA-68918A04A138}.Debug|x86.ActiveCfg = Debug|x86
		{E6BFBA02-5456-473B-A5AA-68918A04A138}.Debug|x86.Build.0 = Debug|x86
		{E6BFBA02-5456-473B-A5AA-68918A04A138}.Debug|x86.Deploy.0 = Debug|x86
		{E6BFBA02-5456-473B-A5AA-68918A04A138}.Release|Any CPU.ActiveCfg = Release|x86
		{E6BFBA02-5456-473B-A5AA-68918A04A138}.Release|ARM.ActiveCfg = Release|ARM
		{E6BFBA02-5456-473B-A5AA-68918A04A138}.Release|ARM.Build.0 = Release|ARM
		{E6BFBA02-5456-473B-A5AA-68918A04A138}.Release|ARM.Deploy.0 = Release|ARM
		{E6BFBA02-5456-473B-A5AA-68918A04A138}.Release|iPhone.ActiveCfg = Release|x86
		{E6BFBA02-5456-473B-A5AA-68918A04A138}.Release|iPhoneSimulator.ActiveCfg = Release|x86
		{E6BFBA02-5456-473B-A5AA-68918A04A138}.Release|x64.ActiveCfg = Release|x64
		{E6BFBA02-5456-473B-A5AA-68918A04A138}.Release|x64.Build.0 = Release|x64
		{E6BFBA02-5456-473B-A5AA-68918A04A138}.Release|x64.Deploy.0 = Release|x64
		{E6BFBA02-5456-473B-A5AA-68918A04A138}.Release|x86.ActiveCfg = Release|x86
		{E6BFBA02-5456-473B-A5AA-68918A04A138}.Release|x86.Build.0 = Release|x86
		{E6BFBA02-5456-473B-A5AA-68918A04A138}.Release|x86.Deploy.0 = Release|x86
		{BC1CC736-D09C-4937-889A-44F47359C9AF}.Ad-Hoc|Any CPU.ActiveCfg = Ad-Hoc|iPhone
		{BC1CC736-D09C-4937-889A-44F47359C9AF}.Ad-Hoc|ARM.ActiveCfg = Ad-Hoc|iPhone
		{BC1CC736-D09C-4937-889A-44F47359C9AF}.Ad-Hoc|iPhone.ActiveCfg = Ad-Hoc|iPhone
		{BC1CC736-D09C-4937-889A-44F47359C9AF}.Ad-Hoc|iPhone.Build.0 = Ad-Hoc|iPhone
		{BC1CC736-D09C-4937-889A-44F47359C9AF}.Ad-Hoc|iPhoneSimulator.ActiveCfg = Ad-Hoc|iPhoneSimulator
		{BC1CC736-D09C-4937-889A-44F47359C9AF}.Ad-Hoc|iPhoneSimulator.Build.0 = Ad-Hoc|iPhoneSimulator
		{BC1CC736-D09C-4937-889A-44F47359C9AF}.Ad-Hoc|x64.ActiveCfg = Ad-Hoc|iPhone
		{BC1CC736-D09C-4937-889A-44F47359C9AF}.Ad-Hoc|x86.ActiveCfg = Ad-Hoc|iPhone
		{BC1CC736-D09C-4937-889A-44F47359C9AF}.AppStore|Any CPU.ActiveCfg = AppStore|iPhone
		{BC1CC736-D09C-4937-889A-44F47359C9AF}.AppStore|ARM.ActiveCfg = AppStore|iPhone
		{BC1CC736-D09C-4937-889A-44F47359C9AF}.AppStore|iPhone.ActiveCfg = AppStore|iPhone
		{BC1CC736-D09C-4937-889A-44F47359C9AF}.AppStore|iPhone.Build.0 = AppStore|iPhone
		{BC1CC736-D09C-4937-889A-44F47359C9AF}.AppStore|iPhoneSimulator.ActiveCfg = AppStore|iPhoneSimulator
		{BC1CC736-D09C-4937-889A-44F47359C9AF}.AppStore|iPhoneSimulator.Build.0 = AppStore|iPhoneSimulator
		{BC1CC736-D09C-4937-889A-44F47359C9AF}.AppStore|x64.ActiveCfg = AppStore|iPhone
		{BC1CC736-D09C-4937-889A-44F47359C9AF}.AppStore|x86.ActiveCfg = AppStore|iPhone
		{BC1CC736-D09C-4937-889A-44F47359C9AF}.Debug|Any CPU.ActiveCfg = Debug|iPhone
		{BC1CC736-D09C-4937-889A-44F47359C9AF}.Debug|ARM.ActiveCfg = Debug|iPhone
		{BC1CC736-D09C-4937-889A-44F47359C9AF}.Debug|iPhone.ActiveCfg = Debug|iPhone
		{BC1CC736-D09C-4937-889A-44F47359C9AF}.Debug|iPhone.Build.0 = Debug|iPhone
		{BC1CC736-D09C-4937-889A-44F47359C9AF}.Debug|iPhoneSimulator.ActiveCfg = Debug|iPhoneSimulator
		{BC1CC736-D09C-4937-889A-44F47359C9AF}.Debug|iPhoneSimulator.Build.0 = Debug|iPhoneSimulator
		{BC1CC736-D09C-4937-889A-44F47359C9AF}.Debug|x64.ActiveCfg = Debug|iPhone
		{BC1CC736-D09C-4937-889A-44F47359C9AF}.Debug|x86.ActiveCfg = Debug|iPhone
		{BC1CC736-D09C-4937-889A-44F47359C9AF}.Release|Any CPU.ActiveCfg = Release|iPhone
		{BC1CC736-D09C-4937-889A-44F47359C9AF}.Release|ARM.ActiveCfg = Release|iPhone
		{BC1CC736-D09C-4937-889A-44F47359C9AF}.Release|iPhone.ActiveCfg = Release|iPhone
		{BC1CC736-D09C-4937-889A-44F47359C9AF}.Release|iPhone.Build.0 = Release|iPhone
		{BC1CC736-D09C-4937-889A-44F47359C9AF}.Release|iPhoneSimulator.ActiveCfg = Release|iPhoneSimulator
		{BC1CC736-D09C-4937-889A-44F47359C9AF}.Release|iPhoneSimulator.Build.0 = Release|iPhoneSimulator
		{BC1CC736-D09C-4937-889A-44F47359C9AF}.Release|x64.ActiveCfg = Release|iPhone
		{BC1CC736-D09C-4937-889A-44F47359C9AF}.Release|x86.ActiveCfg = Release|iPhone
	EndGlobalSection
	GlobalSection(SolutionProperties) = preSolution
		HideSolutionNode = FALSE
	EndGlobalSection
	GlobalSection(ExtensibilityGlobals) = postSolution
		SolutionGuid = {B6CE29EC-C99D-40EE-A7DF-FBB3BBC4D261}
	EndGlobalSection
EndGlobal
